dependencies:
- name: ca-clusterissuer
  repository: ""
  version: 0.2.0
- name: ca-issuer
  repository: ""
  version: 0.3.0
- name: cert-manager
  repository: https://charts.jetstack.io
  version: v1.17.2
- name: trust-manager
  repository: https://charts.jetstack.io
  version: v0.17.1
digest: sha256:6323280a49db0eb112475d39aff9c562ebbb0aaa821a2d70a6011606208887e6
generated: "2025-06-05T09:39:40.301728-04:00"
